
Microsoft Visual Studio Solution File, Format Version 12.00
# Visual Studio Version 17
VisualStudioVersion = 17.14.36121.58 d17.14
MinimumVisualStudioVersion = 10.0.40219.1
Project("{FAE04EC0-301F-11D3-BF4B-00C04F79EFBC}") = "DNA-Analyser", "DNA-Analyser.csproj", "{DBF47F5B-794E-44D8-A649-63479A02CC50}"
EndProject
Global
	GlobalSection(SolutionConfigurationPlatforms) = preSolution
		Debug|Any CPU = Debug|Any CPU
		Release|Any CPU = Release|Any CPU
	EndGlobalSection
	GlobalSection(ProjectConfigurationPlatforms) = postSolution
		{DBF47F5B-794E-44D8-A649-63479A02CC50}.Debug|Any CPU.ActiveCfg = Debug|Any CPU
		{DBF47F5B-794E-44D8-A649-63479A02CC50}.Debug|Any CPU.Build.0 = Debug|Any CPU
		{DBF47F5B-794E-44D8-A649-63479A02CC50}.Release|Any CPU.ActiveCfg = Release|Any CPU
		{DBF47F5B-794E-44D8-A649-63479A02CC50}.Release|Any CPU.Build.0 = Release|Any CPU
	EndGlobalSection
	GlobalSection(SolutionProperties) = preSolution
		HideSolutionNode = FALSE
	EndGlobalSection
	GlobalSection(ExtensibilityGlobals) = postSolution
		SolutionGuid = {4CBB3791-1D58-4334-B8AD-A9651B0714FD}
	EndGlobalSection
EndGlobal
